
Microsoft Visual Studio Solution File, Format Version 12.00
# Visual Studio Version 17
VisualStudioVersion = 17.6.33712.159
MinimumVisualStudioVersion = 10.0.40219.1
Project("{8BC9CEB8-8B4A-11D0-8D11-00A0C91BC942}") = "CppStudy", "CppStudy\CppStudy.vcxproj", "{36221572-1048-48AB-92A7-D7230959DD30}"
EndProject
Global
	GlobalSection(SolutionConfigurationPlatforms) = preSolution
		Debug|x64 = Debug|x64
		Debug|x86 = Debug|x86
		Release|x64 = Release|x64
		Release|x86 = Release|x86
	EndGlobalSection
	GlobalSection(ProjectConfigurationPlatforms) = postSolution
		{36221572-1048-48AB-92A7-D7230959DD30}.Debug|x64.ActiveCfg = Debug|x64
		{36221572-1048-48AB-92A7-D7230959DD30}.Debug|x64.Build.0 = Debug|x64
		{36221572-1048-48AB-92A7-D7230959DD30}.Debug|x86.ActiveCfg = Debug|Win32
		{36221572-1048-48AB-92A7-D7230959DD30}.Debug|x86.Build.0 = Debug|Win32
		{36221572-1048-48AB-92A7-D7230959DD30}.Release|x64.ActiveCfg = Release|x64
		{36221572-1048-48AB-92A7-D7230959DD30}.Release|x64.Build.0 = Release|x64
		{36221572-1048-48AB-92A7-D7230959DD30}.Release|x86.ActiveCfg = Release|Win32
		{36221572-1048-48AB-92A7-D7230959DD30}.Release|x86.Build.0 = Release|Win32
	EndGlobalSection
	GlobalSection(SolutionProperties) = preSolution
		HideSolutionNode = FALSE
	EndGlobalSection
	GlobalSection(ExtensibilityGlobals) = postSolution
		SolutionGuid = {8DEB0EB6-19FB-4388-871B-E397703558F2}
	EndGlobalSection
EndGlobal
